[[package]]
name = "goatdom"
version = "0.1.0"
dependencies = [
 "indexmap 1.0.0 (registry+https://github.com/rust-lang/crates.io-index)",
]

[[package]]
name = "indexmap"
version = "1.0.0"
source = "registry+https://github.com/rust-lang/crates.io-index"

[metadata]
"checksum indexmap 1.0.0 (registry+https://github.com/rust-lang/crates.io-index)" = "7b9378f1f3923647a9aea6af4c6b5de68cc8a71415459ad25ef191191c48f5b7"
